
Microsoft Visual Studio Solution File, Format Version 12.00
# Visual Studio Version 17
VisualStudioVersion = 17.3.32929.385
MinimumVisualStudioVersion = 10.0.40219.1
Project("{FAE04EC0-301F-11D3-BF4B-00C04F79EFBC}") = "MuayeneBilgiYonetimSistemi", "MuayeneBilgiYonetimSistemi\MuayeneBilgiYonetimSistemi.csproj", "{D4046EC1-0140-4632-9911-4D3FE559CE17}"
EndProject
Global
	GlobalSection(SolutionConfigurationPlatforms) = preSolution
		Debug|Any CPU = Debug|Any CPU
		Release|Any CPU = Release|Any CPU
	EndGlobalSection
	GlobalSection(ProjectConfigurationPlatforms) = postSolution
		{D4046EC1-0140-4632-9911-4D3FE559CE17}.Debug|Any CPU.ActiveCfg = Debug|Any CPU
		{D4046EC1-0140-4632-9911-4D3FE559CE17}.Debug|Any CPU.Build.0 = Debug|Any CPU
		{D4046EC1-0140-4632-9911-4D3FE559CE17}.Release|Any CPU.ActiveCfg = Release|Any CPU
		{D4046EC1-0140-4632-9911-4D3FE559CE17}.Release|Any CPU.Build.0 = Release|Any CPU
	EndGlobalSection
	GlobalSection(SolutionProperties) = preSolution
		HideSolutionNode = FALSE
	EndGlobalSection
	GlobalSection(ExtensibilityGlobals) = postSolution
		SolutionGuid = {A963E3D9-9EAB-48CB-A00F-275410243DCB}
	EndGlobalSection
EndGlobal
